{
  "name": "@x.render/render-ui",
  "version": "1.6.0",
  "lockfileVersion": 3,
  "requires": true,
  "packages": {
    "": {
      "name": "@x.render/render-ui",
      "version": "1.6.0",
      "license": "ISC",
      "dependencies": {
        "@x.render/render-link": "^1.6.0",
        "@x.render/render-picture": "^1.6.0",
        "@x.render/render-pullrefresh": "file:../render-pullrefresh",
        "@x.render/render-scrollview": "^1.6.0",
        "@x.render/render-text": "^1.6.0",
        "@x.render/render-video": "file:../render-video",
        "@x.render/render-view": "^1.6.0",
        "@x.render/render-waterfall": "^1.6.0"
      }
    },
    "../render-link": {
      "name": "@x.render/render-link",
      "version": "1.4.0",
      "license": "MIT",
      "dependencies": {
        "@x.render/render-text": "^1.3.0"
      },
      "peerDependencies": {
        "react": "^18.2.0"
      }
    },
    "../render-picture": {
      "name": "@x.render/render-picture",
      "version": "1.3.0",
      "license": "MIT",
      "peerDependencies": {
        "react": "^18.2.0"
      }
    },
    "../render-pullrefresh": {
      "name": "@x.render/render-pullrefresh",
      "version": "1.4.0",
      "license": "MIT",
      "dependencies": {
        "@x.render/render-view": "^1.3.0",
        "classnames": "^2.5.1"
      },
      "peerDependencies": {
        "react": "^18.2.0"
      }
    },
    "../render-pullRefresh": {
      "name": "@x.render/render-pullrefresh",
      "version": "1.3.0",
      "extraneous": true,
      "license": "MIT",
      "dependencies": {
        "@x.render/render-view": "^1.3.0",
        "classnames": "^2.5.1"
      },
      "peerDependencies": {
        "react": "^18.2.0"
      }
    },
    "../render-scrollview": {
      "name": "@x.render/render-scrollview",
      "version": "1.4.0",
      "license": "MIT",
      "dependencies": {
        "@x.render/render-view": "^1.3.0",
        "classnames": "^2.5.1"
      },
      "peerDependencies": {
        "react": "^18.2.0"
      }
    },
    "../render-text": {
      "name": "@x.render/render-text",
      "version": "1.3.0",
      "license": "MIT",
      "peerDependencies": {
        "react": "^18.2.0"
      }
    },
    "../render-video": {
      "name": "@x.render/render-video",
      "version": "1.4.0",
      "license": "MIT",
      "dependencies": {
        "classnames": "^2.5.1",
        "omit.js": "^2.0.2"
      },
      "peerDependencies": {
        "react": "^18.2.0"
      }
    },
    "../render-view": {
      "name": "@x.render/render-view",
      "version": "1.3.0",
      "license": "MIT",
      "dependencies": {
        "classnames": "^2.5.1",
        "uuid": "^9.0.1"
      },
      "peerDependencies": {
        "react": "^18.2.0"
      }
    },
    "../render-waterfall": {
      "name": "@x.render/render-waterfall",
      "version": "1.4.0",
      "license": "MIT",
      "dependencies": {
        "@x.render/render-scrollview": "^1.4.0",
        "@x.render/render-view": "^1.3.0"
      },
      "peerDependencies": {
        "react": "^18.2.0"
      }
    },
    "node_modules/@x.render/render-link": {
      "resolved": "../render-link",
      "link": true
    },
    "node_modules/@x.render/render-picture": {
      "resolved": "../render-picture",
      "link": true
    },
    "node_modules/@x.render/render-pullrefresh": {
      "resolved": "../render-pullrefresh",
      "link": true
    },
    "node_modules/@x.render/render-scrollview": {
      "resolved": "../render-scrollview",
      "link": true
    },
    "node_modules/@x.render/render-text": {
      "resolved": "../render-text",
      "link": true
    },
    "node_modules/@x.render/render-video": {
      "resolved": "../render-video",
      "link": true
    },
    "node_modules/@x.render/render-view": {
      "resolved": "../render-view",
      "link": true
    },
    "node_modules/@x.render/render-waterfall": {
      "resolved": "../render-waterfall",
      "link": true
    }
  }
}
