{
  "name": "@x.render/render-ui",
  "version": "1.1.0",
  "lockfileVersion": 3,
  "requires": true,
  "packages": {
    "": {
      "name": "@x.render/render-ui",
      "version": "1.1.0",
      "license": "ISC",
      "dependencies": {
        "@x.render/render-link": "file:../render-link",
        "@x.render/render-picture": "file:../render-picture",
        "@x.render/render-pullRefresh": "file:../render-pullRefresh",
        "@x.render/render-scrollview": "file:../render-scrollview",
        "@x.render/render-text": "file:../render-text",
        "@x.render/render-video": "file:../render-video",
        "@x.render/render-view": "file:../render-view",
        "@x.render/render-waterfall": "file:../render-waterfall"
      }
    },
    "../render-link": {
      "name": "@x.render/render-link",
      "version": "1.1.0",
      "license": "MIT",
      "dependencies": {
        "@x.render/render-text": "file:../render-text"
      },
      "peerDependencies": {
        "react": "^18.2.0"
      }
    },
    "../render-picture": {
      "name": "@x.render/render-picture",
      "version": "1.1.0",
      "license": "MIT",
      "peerDependencies": {
        "react": "^18.2.0"
      }
    },
    "../render-pullRefresh": {
      "name": "@x.render/render-pullrefresh",
      "version": "1.1.0",
      "license": "MIT",
      "dependencies": {
        "@x.render/render-view": "file:../render-view",
        "classnames": "^2.5.1"
      },
      "peerDependencies": {
        "react": "^18.2.0"
      }
    },
    "../render-scrollview": {
      "name": "@x.render/render-scrollview",
      "version": "1.1.0",
      "license": "MIT",
      "dependencies": {
        "@x.render/render-view": "file:../render-view",
        "classnames": "^2.5.1"
      },
      "peerDependencies": {
        "react": "^18.2.0"
      }
    },
    "../render-text": {
      "name": "@x.render/render-text",
      "version": "1.1.0",
      "license": "MIT",
      "peerDependencies": {
        "react": "^18.2.0"
      }
    },
    "../render-video": {
      "name": "@x.render/render-web-video",
      "version": "1.1.0",
      "license": "MIT",
      "dependencies": {
        "classnames": "^2.5.1",
        "omit.js": "^2.0.2"
      },
      "peerDependencies": {
        "react": "^18.2.0"
      }
    },
    "../render-view": {
      "name": "@x.render/render-view",
      "version": "1.1.0",
      "license": "MIT",
      "dependencies": {
        "classnames": "^2.5.1",
        "uuid": "^9.0.1"
      },
      "peerDependencies": {
        "react": "^18.2.0"
      }
    },
    "../render-waterfall": {
      "name": "@x.render/render-waterfall",
      "version": "1.1.0",
      "license": "MIT",
      "dependencies": {
        "@x.render/render-scrollview": "file:../render-scrollview",
        "@x.render/render-view": "file:../render-view"
      },
      "peerDependencies": {
        "react": "^18.2.0"
      }
    },
    "node_modules/@x.render/render-link": {
      "resolved": "../render-link",
      "link": true
    },
    "node_modules/@x.render/render-picture": {
      "resolved": "../render-picture",
      "link": true
    },
    "node_modules/@x.render/render-pullRefresh": {
      "resolved": "../render-pullRefresh",
      "link": true
    },
    "node_modules/@x.render/render-scrollview": {
      "resolved": "../render-scrollview",
      "link": true
    },
    "node_modules/@x.render/render-text": {
      "resolved": "../render-text",
      "link": true
    },
    "node_modules/@x.render/render-video": {
      "resolved": "../render-video",
      "link": true
    },
    "node_modules/@x.render/render-view": {
      "resolved": "../render-view",
      "link": true
    },
    "node_modules/@x.render/render-waterfall": {
      "resolved": "../render-waterfall",
      "link": true
    }
  }
}
